# This file is autogenerated, do not edit; changes may be undone by the next 'dep ensure'.


[[projects]]
  digest = "1:35b80f7a2138337f342ec9486316253dd5042b28c72c96539446a46febdde829"
  name = "github.com/Microsoft/go-winio"
  packages = [
    ".",
    "pkg/guid",
  ]
  pruneopts = "UT"
  revision = "d1ffc52c73318019ce58aaa5282588c52df029b7"
  version = "v0.4.16"

[[projects]]
  branch = "master"
  digest = "1:a6ff71d1702f729fd0f201bba415d2c3f36a3634f91df4ba09b52be631062a67"
  name = "github.com/Sirupsen/logrus"
  packages = ["."]
  pruneopts = "UT"
  revision = "cd4bf4ef8de16b243cce0e062742feb34128648b"

[[projects]]
  digest = "1:bd8bc15ce3a9929e2777651cbc271fca5561c0d5f42187edb4720e638d24662d"
  name = "github.com/beevik/etree"
  packages = ["."]
  pruneopts = "UT"
  revision = "8aee6516be3b1163bb6450c35c50e4969e3a3aa8"
  version = "v1.1.0"

[[projects]]
  digest = "1:af21945d625099a5f5566121aa70987d7d84087064f4b34f376b815cb69cfd29"
  name = "github.com/bitrise-io/bitrise"
  packages = [
    "bitrise",
    "configs",
    "models",
    "plugins",
    "toolkits",
    "tools",
    "tools/filterwriter",
    "tools/timeoutcmd",
    "utils",
    "version",
  ]
  pruneopts = "UT"
  revision = "f7458dd6a6c5612fd3e92ab021fb7f18a7d0abc4"
  version = "1.31.0"

[[projects]]
  branch = "master"
  digest = "1:e3f9b314c9eb4bafb5b97549693f128b9110dadd577d5ab1c399914cae638fbe"
  name = "github.com/bitrise-io/bitrise-init"
  packages = [
    "analytics",
    "errormapper",
    "models",
    "output",
    "scanner",
    "scanners",
    "scanners/android",
    "scanners/cordova",
    "scanners/fastlane",
    "scanners/flutter",
    "scanners/ionic",
    "scanners/ios",
    "scanners/macos",
    "scanners/reactnative",
    "scanners/xamarin",
    "step",
    "steps",
    "toolscanner",
    "utility",
  ]
  pruneopts = "UT"
  revision = "b8e7240e02ca587a34e9fc3fcf3c4232422d289e"

[[projects]]
  branch = "master"
  digest = "1:6f6691a49435d63855137d83df39d56a92ccdf1f2f1ec396835809de69cdd421"
  name = "github.com/bitrise-io/codesigndoc"
  packages = [
    "bitriseio",
    "bitriseio/bitrise",
    "codesign",
    "codesigndoc",
    "models",
    "osxkeychain",
    "utility",
    "xcode",
  ]
  pruneopts = "UT"
  revision = "53c14b032dd4a8655427fa93aa129358bc0b2b13"

[[projects]]
  branch = "master"
  digest = "1:4e1c0cc22c53c5ebda9bd380afd5b56a2f1fc9e6fd2eed59ab8ba0c1522eee19"
  name = "github.com/bitrise-io/envman"
  packages = ["models"]
  pruneopts = "UT"
  revision = "919e33f391ee97e87193ae604967f02707a64e37"

[[projects]]
  branch = "master"
  digest = "1:7f1af104d1edc6fc7286e8494aee498cfb07eddcf30c75bf0532d77af1b265ec"
  name = "github.com/bitrise-io/go-utils"
  packages = [
    "colorstring",
    "command",
    "command/git",
    "command/rubyscript",
    "errorutil",
    "fileutil",
    "log",
    "parseutil",
    "pathutil",
    "pkcs12",
    "pkcs12/internal/rc2",
    "pointers",
    "progress",
    "retry",
    "sliceutil",
    "stringutil",
    "urlutil",
    "versions",
    "ziputil",
  ]
  pruneopts = "UT"
  revision = "859032e9adf02532a86a362ae5d1cfbc9292fcaf"

[[projects]]
  branch = "master"
  digest = "1:91fe3854c29b544010d1a7becf9eb1498592c8c2489be4529367987188f46b34"
  name = "github.com/bitrise-io/go-xcode"
  packages = [
    "certificateutil",
    "export",
    "exportoptions",
    "models",
    "plistutil",
    "profileutil",
    "utility",
    "xcarchive",
    "xcodeproj",
  ]
  pruneopts = "UT"
  revision = "2ec2fc2778b62e5b87cf7b31447680299605bf34"

[[projects]]
  branch = "master"
  digest = "1:980e760f25b82cb4ffe32b146956029f1f5c8bea3c39f9f973cc023d4ae965b1"
  name = "github.com/bitrise-io/goinp"
  packages = ["goinp"]
  pruneopts = "UT"
  revision = "bd18a8681e272db4696c50152b288f722d08b914"

[[projects]]
  branch = "master"
  digest = "1:d57ff96212b8429c896b7a75b0557499998cc663fb2e7179035e39e519aaf3a9"
  name = "github.com/bitrise-io/gows"
  packages = ["gows"]
  pruneopts = "UT"
  revision = "8cc2a6a92536486370c8a3daaf70a2886323725a"

[[projects]]
  branch = "master"
  digest = "1:b1346ca132021ca4f0c38b546de5d579ccf406eede745c2f147b35e8c04ad997"
  name = "github.com/bitrise-io/stepman"
  packages = ["models"]
  pruneopts = "UT"
  revision = "4d242ab03ef96430fc79b37201e519e1e5e5520d"

[[projects]]
  branch = "master"
  digest = "1:3deff45fc0404d371d4facedaaa06e707bd360d991c150f614f5ebe8f052e602"
  name = "github.com/bitrise-io/xcode-project"
  packages = [
    "pretty",
    "serialized",
    "xcodebuild",
    "xcodeproj",
    "xcscheme",
    "xcworkspace",
  ]
  pruneopts = "UT"
  revision = "7ad13a1dd0215b60eb4e930244d3e42049c37848"

[[projects]]
  branch = "master"
  digest = "1:454adc7f974228ff789428b6dc098638c57a64aa0718f0bd61e53d3cd39d7a75"
  name = "github.com/chzyer/readline"
  packages = ["."]
  pruneopts = "UT"
  revision = "2972be24d48e78746da79ba8e24e8b488c9880de"

[[projects]]
  digest = "1:b498b36dbb2b306d1c5205ee5236c9e60352be8f9eea9bf08186723a9f75b4f3"
  name = "github.com/emirpasic/gods"
  packages = [
    "containers",
    "lists",
    "lists/arraylist",
    "trees",
    "trees/binaryheap",
    "utils",
  ]
  pruneopts = "UT"
  revision = "1615341f118ae12f353cc8a983f35b584342c9b3"
  version = "v1.12.0"

[[projects]]
  branch = "master"
  digest = "1:0bd05495dbd0567480e48eac9e6602d87875a8747b13c3c0fcb7c83c7c921776"
  name = "github.com/fullsailor/pkcs7"
  packages = ["."]
  pruneopts = "UT"
  revision = "d7302db945fa6ea264fb79d8e13e931ea514a602"

[[projects]]
  branch = "master"
  digest = "1:95732e0c27df672b3fdf5cdd8edd18cba5fc07263ef7cd25eaaad4afc4730313"
  name = "github.com/hashicorp/go-version"
  packages = ["."]
  pruneopts = "UT"
  revision = "9e6930792fb43ef7fd0fe527de1c7d83188f8d2e"

[[projects]]
  digest = "1:870d441fe217b8e689d7949fef6e43efbc787e50f200cb1e70dbca9204a1d6be"
  name = "github.com/inconshreveable/mousetrap"
  packages = ["."]
  pruneopts = "UT"
  revision = "76626ae9c91c4f2a10f34cad8ce83ea42c93bb75"
  version = "v1.0"

[[projects]]
  branch = "master"
  digest = "1:62fe3a7ea2050ecbd753a71889026f83d73329337ada66325cbafd5dea5f713d"
  name = "github.com/jbenet/go-context"
  packages = ["io"]
  pruneopts = "UT"
  revision = "d14ea06fba99483203c19d92cfcd13ebe73135f4"

[[projects]]
  branch = "master"
  digest = "1:e51f40f0c19b39c1825eadd07d5c0a98a2ad5942b166d9fc4f54750ce9a04810"
  name = "github.com/juju/ansiterm"
  packages = [
    ".",
    "tabwriter",
  ]
  pruneopts = "UT"
  revision = "720a0952cc2ac777afc295d9861263e2a4cf96a1"

[[projects]]
  digest = "1:fd7f169f32c221b096c74e756bda16fe22d3bb448bbf74042fd0700407a1f92f"
  name = "github.com/kevinburke/ssh_config"
  packages = ["."]
  pruneopts = "UT"
  revision = "6cfae18c12b8934b1afba3ce8159476fdef666ba"
  version = "1.0"

[[projects]]
  digest = "1:2dc8db55c5b223e6cd50aa7915e698cfcf56d1ddfa89bbbf65e24729e0a0200a"
  name = "github.com/lunixbochs/vtclean"
  packages = ["."]
  pruneopts = "UT"
  revision = "88cfb0c2efe8ed7b0ccf0af83db39359829027bb"
  version = "v1.0.0"

[[projects]]
  branch = "master"
  digest = "1:52c45f13f5b9246fdc4406ec7af5f9003bd41c807056593e3c60f5294e30e34b"
  name = "github.com/manifoldco/promptui"
  packages = [
    ".",
    "list",
    "screenbuf",
  ]
  pruneopts = "UT"
  revision = "981a3cab68f6f3481bf42c6a98521af7fbd14fae"

[[projects]]
  digest = "1:304d25ecc3f4ca39f894c959254d3f5fc6176276ccf1f874ded0cd441e2f964f"
  name = "github.com/mattn/go-colorable"
  packages = ["."]
  pruneopts = "UT"
  revision = "2e1b0c1546e0173c0907cf05c67b8ba29ed8b4d1"
  version = "v0.1.8"

[[projects]]
  digest = "1:0c58d31abe2a2ccb429c559b6292e7df89dcda675456fecc282fa90aa08273eb"
  name = "github.com/mattn/go-isatty"
  packages = ["."]
  pruneopts = "UT"
  revision = "7b513a986450394f7bbf1476909911b3aa3a55ce"
  version = "v0.0.12"

[[projects]]
  digest = "1:5d231480e1c64a726869bc4142d270184c419749d34f167646baa21008eb0a79"
  name = "github.com/mitchellh/go-homedir"
  packages = ["."]
  pruneopts = "UT"
  revision = "af06845cf3004701891bf4fdb884bfe4920b3727"
  version = "v1.1.0"

[[projects]]
  digest = "1:cf31692c14422fa27c83a05292eb5cbe0fb2775972e8f1f8446a71549bd8980b"
  name = "github.com/pkg/errors"
  packages = ["."]
  pruneopts = "UT"
  revision = "ba968bfe8b2f7e042a574c888954fccecfa385b4"
  version = "v0.8.1"

[[projects]]
  digest = "1:6baa565fe16f8657cf93469b2b8a6c61a277827734400d27e44d589547297279"
  name = "github.com/ryanuber/go-glob"
  packages = ["."]
  pruneopts = "UT"
  revision = "51a8f68e6c24dc43f1e371749c89a267de4ebc53"
  version = "v1.0.0"

[[projects]]
  digest = "1:d0d418e1c02e6fc00259ef09d0d4f5135fc6aedac356ff0a11f4e5ef0c447270"
  name = "github.com/sergi/go-diff"
  packages = ["diffmatchpatch"]
  pruneopts = "UT"
  revision = "58c5cb1602ee9676b5d3590d782bedde80706fcc"
  version = "v1.1.0"

[[projects]]
  digest = "1:1e80255eea46af2e2db7da90f95e4b5cfe84f3b58d9a8598ec35b0f2a75c60e4"
  name = "github.com/spf13/cobra"
  packages = ["."]
  pruneopts = "UT"
  revision = "6607e6b8603f56adb027298ee6695e06ffb3a819"
  version = "0.0.7"

[[projects]]
  digest = "1:524b71991fc7d9246cc7dc2d9e0886ccb97648091c63e30eef619e6862c955dd"
  name = "github.com/spf13/pflag"
  packages = ["."]
  pruneopts = "UT"
  revision = "2e9d26c8c37aae03e3f9d4e90b7116f5accb7cab"
  version = "v1.0.5"

[[projects]]
  digest = "1:e4ed0afd67bf7be353921665cdac50834c867ff1bba153efc0745b755a7f5905"
  name = "github.com/src-d/gcfg"
  packages = [
    ".",
    "scanner",
    "token",
    "types",
  ]
  pruneopts = "UT"
  revision = "1ac3a1ac202429a54835fe8408a92880156b489d"
  version = "v1.4.0"

[[projects]]
  digest = "1:efb4da9bc6fd83f937a3e87eaa29801cd6d1720bfbbefbf7b2a1c303597ee3da"
  name = "github.com/xanzy/ssh-agent"
  packages = ["."]
  pruneopts = "UT"
  revision = "90509ebba173a493f770e6019d8481c9bb351382"
  version = "v0.3.0"

[[projects]]
  branch = "master"
  digest = "1:cb7b57f9d05d41817e4c093750a5f24047b3af7988f893424836e036c66dd0b7"
  name = "golang.org/x/crypto"
  packages = [
    "blowfish",
    "cast5",
    "chacha20",
    "curve25519",
    "ed25519",
    "ed25519/internal/edwards25519",
    "internal/subtle",
    "openpgp",
    "openpgp/armor",
    "openpgp/elgamal",
    "openpgp/errors",
    "openpgp/packet",
    "openpgp/s2k",
    "poly1305",
    "ssh",
    "ssh/agent",
    "ssh/internal/bcrypt_pbkdf",
    "ssh/knownhosts",
    "ssh/terminal",
  ]
  pruneopts = "UT"
  revision = "eec23a3978adcfd26c29f4153eaa3e3d9b2cc53a"

[[projects]]
  branch = "master"
  digest = "1:0304634fa2603fdbcdd163bf349d056b979adc412c7fc46578c7983c8bf74219"
  name = "golang.org/x/net"
  packages = [
    "context",
    "internal/socks",
    "proxy",
  ]
  pruneopts = "UT"
  revision = "6772e930b67bb09bf22262c7378e7d2f67cf59d1"

[[projects]]
  branch = "master"
  digest = "1:8c6d718f6bbe00b4c8ae71fb92121e61f046e4569e6493d593e0ed0381f59bea"
  name = "golang.org/x/sys"
  packages = [
    "cpu",
    "internal/unsafeheader",
    "plan9",
    "unix",
    "windows",
  ]
  pruneopts = "UT"
  revision = "16f7687f5001b816ff9f6b586071238941e88a9d"

[[projects]]
  branch = "master"
  digest = "1:aff3723b8ec6c06bb52b62cf492783ae041e137534714289acb6625c031d1b24"
  name = "golang.org/x/term"
  packages = ["."]
  pruneopts = "UT"
  revision = "2321bbc49cbf8303ea9834c419750e793e31be73"

[[projects]]
  digest = "1:666e3df74f0c4788cc92426b18e33d93b7b62a3d4e8253f7c4b2226132a0f8de"
  name = "golang.org/x/text"
  packages = [
    "internal/gen",
    "internal/triegen",
    "internal/ucd",
    "transform",
    "unicode/cldr",
    "unicode/norm",
  ]
  pruneopts = "UT"
  revision = "75a595aef632b07c6eeaaa805adb6f0f66e4130e"
  version = "v0.3.5"

[[projects]]
  digest = "1:eb27cfcaf8d7e4155224dd0a209f1d0ab19784fef01be142638b78b7b6becd6b"
  name = "gopkg.in/src-d/go-billy.v4"
  packages = [
    ".",
    "helper/chroot",
    "helper/polyfill",
    "osfs",
    "util",
  ]
  pruneopts = "UT"
  revision = "780403cfc1bc95ff4d07e7b26db40a6186c5326e"
  version = "v4.3.2"

[[projects]]
  digest = "1:b2ad0a18676cd4d5b4b180709c1ea34dbabd74b3d7db0cc01e6d287d5f1e3a99"
  name = "gopkg.in/src-d/go-git.v4"
  packages = [
    ".",
    "config",
    "internal/revision",
    "internal/url",
    "plumbing",
    "plumbing/cache",
    "plumbing/filemode",
    "plumbing/format/config",
    "plumbing/format/diff",
    "plumbing/format/gitignore",
    "plumbing/format/idxfile",
    "plumbing/format/index",
    "plumbing/format/objfile",
    "plumbing/format/packfile",
    "plumbing/format/pktline",
    "plumbing/object",
    "plumbing/protocol/packp",
    "plumbing/protocol/packp/capability",
    "plumbing/protocol/packp/sideband",
    "plumbing/revlist",
    "plumbing/storer",
    "plumbing/transport",
    "plumbing/transport/client",
    "plumbing/transport/file",
    "plumbing/transport/git",
    "plumbing/transport/http",
    "plumbing/transport/internal/common",
    "plumbing/transport/server",
    "plumbing/transport/ssh",
    "storage",
    "storage/filesystem",
    "storage/filesystem/dotgit",
    "storage/memory",
    "utils/binary",
    "utils/diff",
    "utils/ioutil",
    "utils/merkletrie",
    "utils/merkletrie/filesystem",
    "utils/merkletrie/index",
    "utils/merkletrie/internal/frame",
    "utils/merkletrie/noder",
  ]
  pruneopts = "UT"
  revision = "0d1a009cbb604db18be960db5f1525b99a55d727"
  version = "v4.13.1"

[[projects]]
  digest = "1:78d374b493e747afa9fbb2119687e3740a7fb8d0ebabddfef0a012593aaecbb3"
  name = "gopkg.in/warnings.v0"
  packages = ["."]
  pruneopts = "UT"
  revision = "ec4a0fea49c7b46c2aeb0b51aac55779c607e52b"
  version = "v0.1.2"

[[projects]]
  digest = "1:5054a1f394226de9e6ddc47b0ba77e35092a4112f4a1cd9cb94aba1f5bdc3ec6"
  name = "gopkg.in/yaml.v2"
  packages = ["."]
  pruneopts = "UT"
  revision = "7649d4548cb53a614db133b2a8ac1f31859dda8c"
  version = "v2.4.0"

[[projects]]
  branch = "master"
  digest = "1:812d0f78132bbf7731c247b2a3ea54710ecc8fd251a9e4898be9793f25dbdb1a"
  name = "howett.net/plist"
  packages = ["."]
  pruneopts = "UT"
  revision = "1454fab16a0642638feb0ae98c41f79eccb2a20a"

[solve-meta]
  analyzer-name = "dep"
  analyzer-version = 1
  input-imports = [
    "github.com/bitrise-io/bitrise-init/scanner",
    "github.com/bitrise-io/bitrise/bitrise",
    "github.com/bitrise-io/bitrise/models",
    "github.com/bitrise-io/codesigndoc/bitriseio",
    "github.com/bitrise-io/codesigndoc/bitriseio/bitrise",
    "github.com/bitrise-io/codesigndoc/codesigndoc",
    "github.com/bitrise-io/codesigndoc/models",
    "github.com/bitrise-io/codesigndoc/xcode",
    "github.com/bitrise-io/envman/models",
    "github.com/bitrise-io/go-utils/colorstring",
    "github.com/bitrise-io/go-utils/command",
    "github.com/bitrise-io/go-utils/errorutil",
    "github.com/bitrise-io/go-utils/fileutil",
    "github.com/bitrise-io/go-utils/log",
    "github.com/bitrise-io/go-utils/pathutil",
    "github.com/bitrise-io/go-utils/retry",
    "github.com/bitrise-io/go-utils/sliceutil",
    "github.com/bitrise-io/xcode-project/pretty",
    "github.com/bitrise-io/xcode-project/xcodeproj",
    "github.com/bitrise-io/xcode-project/xcscheme",
    "github.com/bitrise-io/xcode-project/xcworkspace",
    "github.com/manifoldco/promptui",
    "github.com/spf13/cobra",
    "golang.org/x/crypto/ssh",
    "golang.org/x/crypto/ssh/terminal",
    "gopkg.in/src-d/go-git.v4",
    "gopkg.in/src-d/go-git.v4/plumbing/transport/ssh",
    "gopkg.in/src-d/go-git.v4/storage/memory",
    "gopkg.in/yaml.v2",
  ]
  solver-name = "gps-cdcl"
  solver-version = 1
